
Microsoft Visual Studio Solution File, Format Version 11.00
# Visual Studio 2010
Project("{FAE04EC0-301F-11D3-BF4B-00C04F79EFBC}") = "DockableDialog", "DockableDialog\DockableDialog.csproj", "{94DD4649-E640-40A5-9248-8041E8C4BB95}"
EndProject
Global
	GlobalSection(SolutionConfigurationPlatforms) = preSolution
		Debug|Any CPU = Debug|Any CPU
		Release|Any CPU = Release|Any CPU
	EndGlobalSection
	GlobalSection(ProjectConfigurationPlatforms) = postSolution
		{94DD4649-E640-40A5-9248-8041E8C4BB95}.Debug|Any CPU.ActiveCfg = Debug|Any CPU
		{94DD4649-E640-40A5-9248-8041E8C4BB95}.Debug|Any CPU.Build.0 = Debug|Any CPU
		{94DD4649-E640-40A5-9248-8041E8C4BB95}.Release|Any CPU.ActiveCfg = Release|Any CPU
		{94DD4649-E640-40A5-9248-8041E8C4BB95}.Release|Any CPU.Build.0 = Release|Any CPU
	EndGlobalSection
	GlobalSection(SolutionProperties) = preSolution
		HideSolutionNode = FALSE
	EndGlobalSection
EndGlobal
